
Microsoft Visual Studio Solution File, Format Version 12.00
# Visual Studio Version 17
VisualStudioVersion = 17.0.31903.59
MinimumVisualStudioVersion = 10.0.40219.1
Project("{FAE04EC0-301F-11D3-BF4B-00C04F79EFBC}") = "CountYourWords.Application", "CountYourWords.Application\CountYourWords.Application.csproj", "{6958CFCE-8D95-498C-A6A3-7FF7D208C0D7}"
EndProject
Project("{FAE04EC0-301F-11D3-BF4B-00C04F79EFBC}") = "CountYourWords.Input", "CountYourWords.Input\CountYourWords.Input.csproj", "{5C2729A3-83B2-4F39-810F-EDD289662C19}"
EndProject
Project("{FAE04EC0-301F-11D3-BF4B-00C04F79EFBC}") = "CountYourWords.Output", "CountYourWords.Output\CountYourWords.Output.csproj", "{3B8BD9FD-4A1E-4E64-8050-EF0D5F029751}"
EndProject
Project("{2150E333-8FDC-42A3-9474-1A3956D46DE8}") = "test", "test", "{2D0F1D3E-F13D-4BEA-863E-40977A536242}"
EndProject
Project("{FAE04EC0-301F-11D3-BF4B-00C04F79EFBC}") = "CountYourWords.Input.Tests", "test\CountYourWords.Input.Tests\CountYourWords.Input.Tests.csproj", "{2B463189-1625-4FDE-BE39-55F63FE722AE}"
EndProject
Project("{FAE04EC0-301F-11D3-BF4B-00C04F79EFBC}") = "CountYourWords.Application.Tests", "test\CountYourWords.Application.Tests\CountYourWords.Application.Tests.csproj", "{B1644756-9B40-497F-A789-AE91B01784E9}"
EndProject
Project("{FAE04EC0-301F-11D3-BF4B-00C04F79EFBC}") = "CountYourWords.Output.Tests", "test\CountYourWords.Output.Tests\CountYourWords.Output.Tests.csproj", "{66750E73-8174-4778-A629-855FD0BFA568}"
EndProject
Project("{FAE04EC0-301F-11D3-BF4B-00C04F79EFBC}") = "CountYourWords.Words", "CountYourWords.Words\CountYourWords.Words.csproj", "{EA3BFA6B-CB6B-4021-B638-15F4996D6020}"
EndProject
Project("{FAE04EC0-301F-11D3-BF4B-00C04F79EFBC}") = "CountYourWords.Sorting", "CountYourWords.Sorting\CountYourWords.Sorting.csproj", "{90FDDC23-3EDD-4F2E-8CFA-52BE44617E68}"
EndProject
Project("{FAE04EC0-301F-11D3-BF4B-00C04F79EFBC}") = "CountYourWords.Words.Tests", "test\CountYourWords.Words.Tests\CountYourWords.Words.Tests.csproj", "{284EDED9-D1FD-44E9-AB00-354623BFB7A0}"
EndProject
Project("{FAE04EC0-301F-11D3-BF4B-00C04F79EFBC}") = "CountYourWords.Sorting.Tests", "test\CountYourWords.Sorting.Tests\CountYourWords.Sorting.Tests.csproj", "{AC6B9B18-5AA7-4019-8BFA-D21995C5C235}"
EndProject
Project("{FAE04EC0-301F-11D3-BF4B-00C04F79EFBC}") = "CountYourWords.Tests.Common", "test\CountYourWords.Tests.Common\CountYourWords.Tests.Common.csproj", "{06842734-368C-41D4-8379-9D068279C3BD}"
EndProject
Global
	GlobalSection(SolutionConfigurationPlatforms) = preSolution
		Debug|Any CPU = Debug|Any CPU
		Debug|x64 = Debug|x64
		Debug|x86 = Debug|x86
		Release|Any CPU = Release|Any CPU
		Release|x64 = Release|x64
		Release|x86 = Release|x86
	EndGlobalSection
	GlobalSection(ProjectConfigurationPlatforms) = postSolution
		{6958CFCE-8D95-498C-A6A3-7FF7D208C0D7}.Debug|Any CPU.ActiveCfg = Debug|Any CPU
		{6958CFCE-8D95-498C-A6A3-7FF7D208C0D7}.Debug|Any CPU.Build.0 = Debug|Any CPU
		{6958CFCE-8D95-498C-A6A3-7FF7D208C0D7}.Debug|x64.ActiveCfg = Debug|Any CPU
		{6958CFCE-8D95-498C-A6A3-7FF7D208C0D7}.Debug|x64.Build.0 = Debug|Any CPU
		{6958CFCE-8D95-498C-A6A3-7FF7D208C0D7}.Debug|x86.ActiveCfg = Debug|Any CPU
		{6958CFCE-8D95-498C-A6A3-7FF7D208C0D7}.Debug|x86.Build.0 = Debug|Any CPU
		{6958CFCE-8D95-498C-A6A3-7FF7D208C0D7}.Release|Any CPU.ActiveCfg = Release|Any CPU
		{6958CFCE-8D95-498C-A6A3-7FF7D208C0D7}.Release|Any CPU.Build.0 = Release|Any CPU
		{6958CFCE-8D95-498C-A6A3-7FF7D208C0D7}.Release|x64.ActiveCfg = Release|Any CPU
		{6958CFCE-8D95-498C-A6A3-7FF7D208C0D7}.Release|x64.Build.0 = Release|Any CPU
		{6958CFCE-8D95-498C-A6A3-7FF7D208C0D7}.Release|x86.ActiveCfg = Release|Any CPU
		{6958CFCE-8D95-498C-A6A3-7FF7D208C0D7}.Release|x86.Build.0 = Release|Any CPU
		{5C2729A3-83B2-4F39-810F-EDD289662C19}.Debug|Any CPU.ActiveCfg = Debug|Any CPU
		{5C2729A3-83B2-4F39-810F-EDD289662C19}.Debug|Any CPU.Build.0 = Debug|Any CPU
		{5C2729A3-83B2-4F39-810F-EDD289662C19}.Debug|x64.ActiveCfg = Debug|Any CPU
		{5C2729A3-83B2-4F39-810F-EDD289662C19}.Debug|x64.Build.0 = Debug|Any CPU
		{5C2729A3-83B2-4F39-810F-EDD289662C19}.Debug|x86.ActiveCfg = Debug|Any CPU
		{5C2729A3-83B2-4F39-810F-EDD289662C19}.Debug|x86.Build.0 = Debug|Any CPU
		{5C2729A3-83B2-4F39-810F-EDD289662C19}.Release|Any CPU.ActiveCfg = Release|Any CPU
		{5C2729A3-83B2-4F39-810F-EDD289662C19}.Release|Any CPU.Build.0 = Release|Any CPU
		{5C2729A3-83B2-4F39-810F-EDD289662C19}.Release|x64.ActiveCfg = Release|Any CPU
		{5C2729A3-83B2-4F39-810F-EDD289662C19}.Release|x64.Build.0 = Release|Any CPU
		{5C2729A3-83B2-4F39-810F-EDD289662C19}.Release|x86.ActiveCfg = Release|Any CPU
		{5C2729A3-83B2-4F39-810F-EDD289662C19}.Release|x86.Build.0 = Release|Any CPU
		{3B8BD9FD-4A1E-4E64-8050-EF0D5F029751}.Debug|Any CPU.ActiveCfg = Debug|Any CPU
		{3B8BD9FD-4A1E-4E64-8050-EF0D5F029751}.Debug|Any CPU.Build.0 = Debug|Any CPU
		{3B8BD9FD-4A1E-4E64-8050-EF0D5F029751}.Debug|x64.ActiveCfg = Debug|Any CPU
		{3B8BD9FD-4A1E-4E64-8050-EF0D5F029751}.Debug|x64.Build.0 = Debug|Any CPU
		{3B8BD9FD-4A1E-4E64-8050-EF0D5F029751}.Debug|x86.ActiveCfg = Debug|Any CPU
		{3B8BD9FD-4A1E-4E64-8050-EF0D5F029751}.Debug|x86.Build.0 = Debug|Any CPU
		{3B8BD9FD-4A1E-4E64-8050-EF0D5F029751}.Release|Any CPU.ActiveCfg = Release|Any CPU
		{3B8BD9FD-4A1E-4E64-8050-EF0D5F029751}.Release|Any CPU.Build.0 = Release|Any CPU
		{3B8BD9FD-4A1E-4E64-8050-EF0D5F029751}.Release|x64.ActiveCfg = Release|Any CPU
		{3B8BD9FD-4A1E-4E64-8050-EF0D5F029751}.Release|x64.Build.0 = Release|Any CPU
		{3B8BD9FD-4A1E-4E64-8050-EF0D5F029751}.Release|x86.ActiveCfg = Release|Any CPU
		{3B8BD9FD-4A1E-4E64-8050-EF0D5F029751}.Release|x86.Build.0 = Release|Any CPU
		{2B463189-1625-4FDE-BE39-55F63FE722AE}.Debug|Any CPU.ActiveCfg = Debug|Any CPU
		{2B463189-1625-4FDE-BE39-55F63FE722AE}.Debug|Any CPU.Build.0 = Debug|Any CPU
		{2B463189-1625-4FDE-BE39-55F63FE722AE}.Debug|x64.ActiveCfg = Debug|Any CPU
		{2B463189-1625-4FDE-BE39-55F63FE722AE}.Debug|x64.Build.0 = Debug|Any CPU
		{2B463189-1625-4FDE-BE39-55F63FE722AE}.Debug|x86.ActiveCfg = Debug|Any CPU
		{2B463189-1625-4FDE-BE39-55F63FE722AE}.Debug|x86.Build.0 = Debug|Any CPU
		{2B463189-1625-4FDE-BE39-55F63FE722AE}.Release|Any CPU.ActiveCfg = Release|Any CPU
		{2B463189-1625-4FDE-BE39-55F63FE722AE}.Release|Any CPU.Build.0 = Release|Any CPU
		{2B463189-1625-4FDE-BE39-55F63FE722AE}.Release|x64.ActiveCfg = Release|Any CPU
		{2B463189-1625-4FDE-BE39-55F63FE722AE}.Release|x64.Build.0 = Release|Any CPU
		{2B463189-1625-4FDE-BE39-55F63FE722AE}.Release|x86.ActiveCfg = Release|Any CPU
		{2B463189-1625-4FDE-BE39-55F63FE722AE}.Release|x86.Build.0 = Release|Any CPU
		{B1644756-9B40-497F-A789-AE91B01784E9}.Debug|Any CPU.ActiveCfg = Debug|Any CPU
		{B1644756-9B40-497F-A789-AE91B01784E9}.Debug|Any CPU.Build.0 = Debug|Any CPU
		{B1644756-9B40-497F-A789-AE91B01784E9}.Debug|x64.ActiveCfg = Debug|Any CPU
		{B1644756-9B40-497F-A789-AE91B01784E9}.Debug|x64.Build.0 = Debug|Any CPU
		{B1644756-9B40-497F-A789-AE91B01784E9}.Debug|x86.ActiveCfg = Debug|Any CPU
		{B1644756-9B40-497F-A789-AE91B01784E9}.Debug|x86.Build.0 = Debug|Any CPU
		{B1644756-9B40-497F-A789-AE91B01784E9}.Release|Any CPU.ActiveCfg = Release|Any CPU
		{B1644756-9B40-497F-A789-AE91B01784E9}.Release|Any CPU.Build.0 = Release|Any CPU
		{B1644756-9B40-497F-A789-AE91B01784E9}.Release|x64.ActiveCfg = Release|Any CPU
		{B1644756-9B40-497F-A789-AE91B01784E9}.Release|x64.Build.0 = Release|Any CPU
		{B1644756-9B40-497F-A789-AE91B01784E9}.Release|x86.ActiveCfg = Release|Any CPU
		{B1644756-9B40-497F-A789-AE91B01784E9}.Release|x86.Build.0 = Release|Any CPU
		{66750E73-8174-4778-A629-855FD0BFA568}.Debug|Any CPU.ActiveCfg = Debug|Any CPU
		{66750E73-8174-4778-A629-855FD0BFA568}.Debug|Any CPU.Build.0 = Debug|Any CPU
		{66750E73-8174-4778-A629-855FD0BFA568}.Debug|x64.ActiveCfg = Debug|Any CPU
		{66750E73-8174-4778-A629-855FD0BFA568}.Debug|x64.Build.0 = Debug|Any CPU
		{66750E73-8174-4778-A629-855FD0BFA568}.Debug|x86.ActiveCfg = Debug|Any CPU
		{66750E73-8174-4778-A629-855FD0BFA568}.Debug|x86.Build.0 = Debug|Any CPU
		{66750E73-8174-4778-A629-855FD0BFA568}.Release|Any CPU.ActiveCfg = Release|Any CPU
		{66750E73-8174-4778-A629-855FD0BFA568}.Release|Any CPU.Build.0 = Release|Any CPU
		{66750E73-8174-4778-A629-855FD0BFA568}.Release|x64.ActiveCfg = Release|Any CPU
		{66750E73-8174-4778-A629-855FD0BFA568}.Release|x64.Build.0 = Release|Any CPU
		{66750E73-8174-4778-A629-855FD0BFA568}.Release|x86.ActiveCfg = Release|Any CPU
		{66750E73-8174-4778-A629-855FD0BFA568}.Release|x86.Build.0 = Release|Any CPU
		{EA3BFA6B-CB6B-4021-B638-15F4996D6020}.Debug|Any CPU.ActiveCfg = Debug|Any CPU
		{EA3BFA6B-CB6B-4021-B638-15F4996D6020}.Debug|Any CPU.Build.0 = Debug|Any CPU
		{EA3BFA6B-CB6B-4021-B638-15F4996D6020}.Debug|x64.ActiveCfg = Debug|Any CPU
		{EA3BFA6B-CB6B-4021-B638-15F4996D6020}.Debug|x64.Build.0 = Debug|Any CPU
		{EA3BFA6B-CB6B-4021-B638-15F4996D6020}.Debug|x86.ActiveCfg = Debug|Any CPU
		{EA3BFA6B-CB6B-4021-B638-15F4996D6020}.Debug|x86.Build.0 = Debug|Any CPU
		{EA3BFA6B-CB6B-4021-B638-15F4996D6020}.Release|Any CPU.ActiveCfg = Release|Any CPU
		{EA3BFA6B-CB6B-4021-B638-15F4996D6020}.Release|Any CPU.Build.0 = Release|Any CPU
		{EA3BFA6B-CB6B-4021-B638-15F4996D6020}.Release|x64.ActiveCfg = Release|Any CPU
		{EA3BFA6B-CB6B-4021-B638-15F4996D6020}.Release|x64.Build.0 = Release|Any CPU
		{EA3BFA6B-CB6B-4021-B638-15F4996D6020}.Release|x86.ActiveCfg = Release|Any CPU
		{EA3BFA6B-CB6B-4021-B638-15F4996D6020}.Release|x86.Build.0 = Release|Any CPU
		{90FDDC23-3EDD-4F2E-8CFA-52BE44617E68}.Debug|Any CPU.ActiveCfg = Debug|Any CPU
		{90FDDC23-3EDD-4F2E-8CFA-52BE44617E68}.Debug|Any CPU.Build.0 = Debug|Any CPU
		{90FDDC23-3EDD-4F2E-8CFA-52BE44617E68}.Debug|x64.ActiveCfg = Debug|Any CPU
		{90FDDC23-3EDD-4F2E-8CFA-52BE44617E68}.Debug|x64.Build.0 = Debug|Any CPU
		{90FDDC23-3EDD-4F2E-8CFA-52BE44617E68}.Debug|x86.ActiveCfg = Debug|Any CPU
		{90FDDC23-3EDD-4F2E-8CFA-52BE44617E68}.Debug|x86.Build.0 = Debug|Any CPU
		{90FDDC23-3EDD-4F2E-8CFA-52BE44617E68}.Release|Any CPU.ActiveCfg = Release|Any CPU
		{90FDDC23-3EDD-4F2E-8CFA-52BE44617E68}.Release|Any CPU.Build.0 = Release|Any CPU
		{90FDDC23-3EDD-4F2E-8CFA-52BE44617E68}.Release|x64.ActiveCfg = Release|Any CPU
		{90FDDC23-3EDD-4F2E-8CFA-52BE44617E68}.Release|x64.Build.0 = Release|Any CPU
		{90FDDC23-3EDD-4F2E-8CFA-52BE44617E68}.Release|x86.ActiveCfg = Release|Any CPU
		{90FDDC23-3EDD-4F2E-8CFA-52BE44617E68}.Release|x86.Build.0 = Release|Any CPU
		{284EDED9-D1FD-44E9-AB00-354623BFB7A0}.Debug|Any CPU.ActiveCfg = Debug|Any CPU
		{284EDED9-D1FD-44E9-AB00-354623BFB7A0}.Debug|Any CPU.Build.0 = Debug|Any CPU
		{284EDED9-D1FD-44E9-AB00-354623BFB7A0}.Debug|x64.ActiveCfg = Debug|Any CPU
		{284EDED9-D1FD-44E9-AB00-354623BFB7A0}.Debug|x64.Build.0 = Debug|Any CPU
		{284EDED9-D1FD-44E9-AB00-354623BFB7A0}.Debug|x86.ActiveCfg = Debug|Any CPU
		{284EDED9-D1FD-44E9-AB00-354623BFB7A0}.Debug|x86.Build.0 = Debug|Any CPU
		{284EDED9-D1FD-44E9-AB00-354623BFB7A0}.Release|Any CPU.ActiveCfg = Release|Any CPU
		{284EDED9-D1FD-44E9-AB00-354623BFB7A0}.Release|Any CPU.Build.0 = Release|Any CPU
		{284EDED9-D1FD-44E9-AB00-354623BFB7A0}.Release|x64.ActiveCfg = Release|Any CPU
		{284EDED9-D1FD-44E9-AB00-354623BFB7A0}.Release|x64.Build.0 = Release|Any CPU
		{284EDED9-D1FD-44E9-AB00-354623BFB7A0}.Release|x86.ActiveCfg = Release|Any CPU
		{284EDED9-D1FD-44E9-AB00-354623BFB7A0}.Release|x86.Build.0 = Release|Any CPU
		{AC6B9B18-5AA7-4019-8BFA-D21995C5C235}.Debug|Any CPU.ActiveCfg = Debug|Any CPU
		{AC6B9B18-5AA7-4019-8BFA-D21995C5C235}.Debug|Any CPU.Build.0 = Debug|Any CPU
		{AC6B9B18-5AA7-4019-8BFA-D21995C5C235}.Debug|x64.ActiveCfg = Debug|Any CPU
		{AC6B9B18-5AA7-4019-8BFA-D21995C5C235}.Debug|x64.Build.0 = Debug|Any CPU
		{AC6B9B18-5AA7-4019-8BFA-D21995C5C235}.Debug|x86.ActiveCfg = Debug|Any CPU
		{AC6B9B18-5AA7-4019-8BFA-D21995C5C235}.Debug|x86.Build.0 = Debug|Any CPU
		{AC6B9B18-5AA7-4019-8BFA-D21995C5C235}.Release|Any CPU.ActiveCfg = Release|Any CPU
		{AC6B9B18-5AA7-4019-8BFA-D21995C5C235}.Release|Any CPU.Build.0 = Release|Any CPU
		{AC6B9B18-5AA7-4019-8BFA-D21995C5C235}.Release|x64.ActiveCfg = Release|Any CPU
		{AC6B9B18-5AA7-4019-8BFA-D21995C5C235}.Release|x64.Build.0 = Release|Any CPU
		{AC6B9B18-5AA7-4019-8BFA-D21995C5C235}.Release|x86.ActiveCfg = Release|Any CPU
		{AC6B9B18-5AA7-4019-8BFA-D21995C5C235}.Release|x86.Build.0 = Release|Any CPU
		{06842734-368C-41D4-8379-9D068279C3BD}.Debug|Any CPU.ActiveCfg = Debug|Any CPU
		{06842734-368C-41D4-8379-9D068279C3BD}.Debug|Any CPU.Build.0 = Debug|Any CPU
		{06842734-368C-41D4-8379-9D068279C3BD}.Debug|x64.ActiveCfg = Debug|Any CPU
		{06842734-368C-41D4-8379-9D068279C3BD}.Debug|x64.Build.0 = Debug|Any CPU
		{06842734-368C-41D4-8379-9D068279C3BD}.Debug|x86.ActiveCfg = Debug|Any CPU
		{06842734-368C-41D4-8379-9D068279C3BD}.Debug|x86.Build.0 = Debug|Any CPU
		{06842734-368C-41D4-8379-9D068279C3BD}.Release|Any CPU.ActiveCfg = Release|Any CPU
		{06842734-368C-41D4-8379-9D068279C3BD}.Release|Any CPU.Build.0 = Release|Any CPU
		{06842734-368C-41D4-8379-9D068279C3BD}.Release|x64.ActiveCfg = Release|Any CPU
		{06842734-368C-41D4-8379-9D068279C3BD}.Release|x64.Build.0 = Release|Any CPU
		{06842734-368C-41D4-8379-9D068279C3BD}.Release|x86.ActiveCfg = Release|Any CPU
		{06842734-368C-41D4-8379-9D068279C3BD}.Release|x86.Build.0 = Release|Any CPU
	EndGlobalSection
	GlobalSection(SolutionProperties) = preSolution
		HideSolutionNode = FALSE
	EndGlobalSection
	GlobalSection(NestedProjects) = preSolution
		{2B463189-1625-4FDE-BE39-55F63FE722AE} = {2D0F1D3E-F13D-4BEA-863E-40977A536242}
		{B1644756-9B40-497F-A789-AE91B01784E9} = {2D0F1D3E-F13D-4BEA-863E-40977A536242}
		{66750E73-8174-4778-A629-855FD0BFA568} = {2D0F1D3E-F13D-4BEA-863E-40977A536242}
		{284EDED9-D1FD-44E9-AB00-354623BFB7A0} = {2D0F1D3E-F13D-4BEA-863E-40977A536242}
		{AC6B9B18-5AA7-4019-8BFA-D21995C5C235} = {2D0F1D3E-F13D-4BEA-863E-40977A536242}
		{06842734-368C-41D4-8379-9D068279C3BD} = {2D0F1D3E-F13D-4BEA-863E-40977A536242}
	EndGlobalSection
EndGlobal
